
Microsoft Visual Studio Solution File, Format Version 12.00
# Visual Studio 15
Project("{FAE04EC0-301F-11D3-BF4B-00C04F79EFBC}") = "VGDProject1", "Assembly-CSharp.csproj", "{C362728D-358A-E949-082F-2B02363ADCE0}"
EndProject
Project("{FAE04EC0-301F-11D3-BF4B-00C04F79EFBC}") = "VGDProject1", "Assembly-CSharp-firstpass.csproj", "{B6062025-3115-1403-963D-FA3ACC09F53D}"
EndProject
Project("{FAE04EC0-301F-11D3-BF4B-00C04F79EFBC}") = "VGDProject1", "Assembly-CSharp-Editor.csproj", "{4039F729-BDC0-9CDF-91CA-D6B1A3D0A43B}"
EndProject
Project("{FAE04EC0-301F-11D3-BF4B-00C04F79EFBC}") = "VGDProject1", "Assembly-CSharp-Editor-firstpass.csproj", "{489325CC-FDE1-E4AD-B090-3802F67D59B6}"
EndProject
Global
	GlobalSection(SolutionConfigurationPlatforms) = preSolution
		Debug|Any CPU = Debug|Any CPU
		Release|Any CPU = Release|Any CPU
	EndGlobalSection
	GlobalSection(ProjectConfigurationPlatforms) = postSolution
		{C362728D-358A-E949-082F-2B02363ADCE0}.Debug|Any CPU.ActiveCfg = Debug|Any CPU
		{C362728D-358A-E949-082F-2B02363ADCE0}.Debug|Any CPU.Build.0 = Debug|Any CPU
		{C362728D-358A-E949-082F-2B02363ADCE0}.Release|Any CPU.ActiveCfg = Release|Any CPU
		{C362728D-358A-E949-082F-2B02363ADCE0}.Release|Any CPU.Build.0 = Release|Any CPU
		{B6062025-3115-1403-963D-FA3ACC09F53D}.Debug|Any CPU.ActiveCfg = Debug|Any CPU
		{B6062025-3115-1403-963D-FA3ACC09F53D}.Debug|Any CPU.Build.0 = Debug|Any CPU
		{B6062025-3115-1403-963D-FA3ACC09F53D}.Release|Any CPU.ActiveCfg = Release|Any CPU
		{B6062025-3115-1403-963D-FA3ACC09F53D}.Release|Any CPU.Build.0 = Release|Any CPU
		{4039F729-BDC0-9CDF-91CA-D6B1A3D0A43B}.Debug|Any CPU.ActiveCfg = Debug|Any CPU
		{4039F729-BDC0-9CDF-91CA-D6B1A3D0A43B}.Debug|Any CPU.Build.0 = Debug|Any CPU
		{4039F729-BDC0-9CDF-91CA-D6B1A3D0A43B}.Release|Any CPU.ActiveCfg = Release|Any CPU
		{4039F729-BDC0-9CDF-91CA-D6B1A3D0A43B}.Release|Any CPU.Build.0 = Release|Any CPU
		{489325CC-FDE1-E4AD-B090-3802F67D59B6}.Debug|Any CPU.ActiveCfg = Debug|Any CPU
		{489325CC-FDE1-E4AD-B090-3802F67D59B6}.Debug|Any CPU.Build.0 = Debug|Any CPU
		{489325CC-FDE1-E4AD-B090-3802F67D59B6}.Release|Any CPU.ActiveCfg = Release|Any CPU
		{489325CC-FDE1-E4AD-B090-3802F67D59B6}.Release|Any CPU.Build.0 = Release|Any CPU
	EndGlobalSection
	GlobalSection(SolutionProperties) = preSolution
		HideSolutionNode = FALSE
	EndGlobalSection
EndGlobal
